
Microsoft Visual Studio Solution File, Format Version 12.00
# Visual Studio Version 17
VisualStudioVersion = 17.8.34330.188
MinimumVisualStudioVersion = 10.0.40219.1
Project("{FAE04EC0-301F-11D3-BF4B-00C04F79EFBC}") = "Padial.Playground", "Padial.Playground\Padial.Playground.csproj", "{FD939E58-388F-473A-927A-C9004053C4AB}"
EndProject
Global
	GlobalSection(SolutionConfigurationPlatforms) = preSolution
		Debug|Any CPU = Debug|Any CPU
		Release|Any CPU = Release|Any CPU
	EndGlobalSection
	GlobalSection(ProjectConfigurationPlatforms) = postSolution
		{FD939E58-388F-473A-927A-C9004053C4AB}.Debug|Any CPU.ActiveCfg = Debug|Any CPU
		{FD939E58-388F-473A-927A-C9004053C4AB}.Debug|Any CPU.Build.0 = Debug|Any CPU
		{FD939E58-388F-473A-927A-C9004053C4AB}.Release|Any CPU.ActiveCfg = Release|Any CPU
		{FD939E58-388F-473A-927A-C9004053C4AB}.Release|Any CPU.Build.0 = Release|Any CPU
	EndGlobalSection
	GlobalSection(SolutionProperties) = preSolution
		HideSolutionNode = FALSE
	EndGlobalSection
	GlobalSection(ExtensibilityGlobals) = postSolution
		SolutionGuid = {3258630B-1C5B-4ACF-BD13-53D265C33DBF}
	EndGlobalSection
EndGlobal
